
Microsoft Visual Studio Solution File, Format Version 12.00
# Visual Studio Version 17
VisualStudioVersion = 17.0.31903.59
MinimumVisualStudioVersion = 10.0.40219.1
Project("{2150E333-8FDC-42A3-9474-1A3956D46DE8}") = "src", "src", "{9408A487-6352-46F5-8428-165D97CBE4B3}"
EndProject
Project("{2150E333-8FDC-42A3-9474-1A3956D46DE8}") = "Services", "Services", "{01685E8D-C5D2-4DDC-98C1-C9048EDAB96B}"
EndProject
Project("{2150E333-8FDC-42A3-9474-1A3956D46DE8}") = "UserService", "UserService", "{5D1F5892-2D40-4C68-A18B-EF3DCC4E8592}"
EndProject
Project("{FAE04EC0-301F-11D3-BF4B-00C04F79EFBC}") = "UserService.Domain", "src\Services\UserService\UserService.Domain\UserService.Domain.csproj", "{0F260AC2-6771-4BC7-86CC-B7327E4D8307}"
EndProject
Project("{FAE04EC0-301F-11D3-BF4B-00C04F79EFBC}") = "UserService.Application", "src\Services\UserService\UserService.Application\UserService.Application.csproj", "{152416E8-E268-470A-B85A-3B76DA31D5B3}"
EndProject
Project("{FAE04EC0-301F-11D3-BF4B-00C04F79EFBC}") = "UserService.Infrastructure", "src\Services\UserService\UserService.Infrastructure\UserService.Infrastructure.csproj", "{27F19365-AB6A-4066-BB48-6654985C163B}"
EndProject
Project("{FAE04EC0-301F-11D3-BF4B-00C04F79EFBC}") = "UserService.API", "src\Services\UserService\UserService.API\UserService.API.csproj", "{7FE76D40-A2B4-4EB8-9199-A70AB2490A9F}"
EndProject
Project("{2150E333-8FDC-42A3-9474-1A3956D46DE8}") = "BookingService", "BookingService", "{430D48A0-7264-4F6D-82A2-BC92E1D2E9F0}"
EndProject
Project("{FAE04EC0-301F-11D3-BF4B-00C04F79EFBC}") = "BookingService.Domain", "src\Services\BookingService\BookingService.Domain\BookingService.Domain.csproj", "{4FB0F7DB-6D1E-42C1-9D97-E31CB6994351}"
EndProject
Project("{FAE04EC0-301F-11D3-BF4B-00C04F79EFBC}") = "BookingService.Application", "src\Services\BookingService\BookingService.Application\BookingService.Application.csproj", "{47005406-1098-4308-9449-BAAB1766895A}"
EndProject
Project("{FAE04EC0-301F-11D3-BF4B-00C04F79EFBC}") = "BookingService.Infrastructure", "src\Services\BookingService\BookingService.Infrastructure\BookingService.Infrastructure.csproj", "{543DB1F0-31B7-4232-89B0-CC101CC090CA}"
EndProject
Project("{FAE04EC0-301F-11D3-BF4B-00C04F79EFBC}") = "BookingService.API", "src\Services\BookingService\BookingService.API\BookingService.API.csproj", "{5172C81D-5F74-4FE8-9CCD-1EC4B47D08DA}"
EndProject
Project("{2150E333-8FDC-42A3-9474-1A3956D46DE8}") = "FinanceService", "FinanceService", "{BE6E1710-A5F7-426C-8931-7C942BEE5DD5}"
EndProject
Project("{FAE04EC0-301F-11D3-BF4B-00C04F79EFBC}") = "FinanceService.Domain", "src\Services\FinanceService\FinanceService.Domain\FinanceService.Domain.csproj", "{A00CB38E-11E0-4E9D-951D-4257BAA4A18F}"
EndProject
Project("{FAE04EC0-301F-11D3-BF4B-00C04F79EFBC}") = "FinanceService.Application", "src\Services\FinanceService\FinanceService.Application\FinanceService.Application.csproj", "{E2DC11F0-95B6-4B14-AF66-DF2D553897FA}"
EndProject
Project("{FAE04EC0-301F-11D3-BF4B-00C04F79EFBC}") = "FinanceService.Infrastructure", "src\Services\FinanceService\FinanceService.Infrastructure\FinanceService.Infrastructure.csproj", "{10E30BAD-7ABD-48E8-B132-3D0777C3BF62}"
EndProject
Project("{FAE04EC0-301F-11D3-BF4B-00C04F79EFBC}") = "FinanceService.API", "src\Services\FinanceService\FinanceService.API\FinanceService.API.csproj", "{0F11556E-9EC8-4E9B-AD2A-6F7089B5D4D3}"
EndProject
Project("{2150E333-8FDC-42A3-9474-1A3956D46DE8}") = "Shared", "Shared", "{31A6DBC7-90EC-42E3-B358-A3557C3BDE53}"
EndProject
Project("{FAE04EC0-301F-11D3-BF4B-00C04F79EFBC}") = "Shared.Contracts", "src\Shared\Shared.Contracts\Shared.Contracts.csproj", "{54BB6D25-FB2D-44A5-BDB6-4321E2235AB5}"
EndProject
Project("{FAE04EC0-301F-11D3-BF4B-00C04F79EFBC}") = "Shared.Infrastructure", "src\Shared\Shared.Infrastructure\Shared.Infrastructure.csproj", "{7D62F7E7-3650-499A-A73F-D22A99794A80}"
EndProject
Project("{2150E333-8FDC-42A3-9474-1A3956D46DE8}") = "tests", "tests", "{82900939-0DD8-40DC-AAF3-8AE4BF13D71E}"
EndProject
Project("{FAE04EC0-301F-11D3-BF4B-00C04F79EFBC}") = "UserService.Tests", "tests\UserService.Tests\UserService.Tests.csproj", "{C6FF2D65-90C7-4F58-BE6F-FF050ABD7C8A}"
EndProject
Project("{FAE04EC0-301F-11D3-BF4B-00C04F79EFBC}") = "BookingService.Tests", "tests\BookingService.Tests\BookingService.Tests.csproj", "{6EDCF3F1-C252-4425-9B87-EC5EB407439A}"
EndProject
Project("{FAE04EC0-301F-11D3-BF4B-00C04F79EFBC}") = "FinanceService.Tests", "tests\FinanceService.Tests\FinanceService.Tests.csproj", "{EA88049A-A365-437D-A7A0-9CA9C01E049C}"
EndProject
Global
	GlobalSection(SolutionConfigurationPlatforms) = preSolution
		Debug|Any CPU = Debug|Any CPU
		Release|Any CPU = Release|Any CPU
	EndGlobalSection
	GlobalSection(SolutionProperties) = preSolution
		HideSolutionNode = FALSE
	EndGlobalSection
	GlobalSection(ProjectConfigurationPlatforms) = postSolution
		{0F260AC2-6771-4BC7-86CC-B7327E4D8307}.Debug|Any CPU.ActiveCfg = Debug|Any CPU
		{0F260AC2-6771-4BC7-86CC-B7327E4D8307}.Debug|Any CPU.Build.0 = Debug|Any CPU
		{0F260AC2-6771-4BC7-86CC-B7327E4D8307}.Release|Any CPU.ActiveCfg = Release|Any CPU
		{0F260AC2-6771-4BC7-86CC-B7327E4D8307}.Release|Any CPU.Build.0 = Release|Any CPU
		{152416E8-E268-470A-B85A-3B76DA31D5B3}.Debug|Any CPU.ActiveCfg = Debug|Any CPU
		{152416E8-E268-470A-B85A-3B76DA31D5B3}.Debug|Any CPU.Build.0 = Debug|Any CPU
		{152416E8-E268-470A-B85A-3B76DA31D5B3}.Release|Any CPU.ActiveCfg = Release|Any CPU
		{152416E8-E268-470A-B85A-3B76DA31D5B3}.Release|Any CPU.Build.0 = Release|Any CPU
		{27F19365-AB6A-4066-BB48-6654985C163B}.Debug|Any CPU.ActiveCfg = Debug|Any CPU
		{27F19365-AB6A-4066-BB48-6654985C163B}.Debug|Any CPU.Build.0 = Debug|Any CPU
		{27F19365-AB6A-4066-BB48-6654985C163B}.Release|Any CPU.ActiveCfg = Release|Any CPU
		{27F19365-AB6A-4066-BB48-6654985C163B}.Release|Any CPU.Build.0 = Release|Any CPU
		{7FE76D40-A2B4-4EB8-9199-A70AB2490A9F}.Debug|Any CPU.ActiveCfg = Debug|Any CPU
		{7FE76D40-A2B4-4EB8-9199-A70AB2490A9F}.Debug|Any CPU.Build.0 = Debug|Any CPU
		{7FE76D40-A2B4-4EB8-9199-A70AB2490A9F}.Release|Any CPU.ActiveCfg = Release|Any CPU
		{7FE76D40-A2B4-4EB8-9199-A70AB2490A9F}.Release|Any CPU.Build.0 = Release|Any CPU
		{4FB0F7DB-6D1E-42C1-9D97-E31CB6994351}.Debug|Any CPU.ActiveCfg = Debug|Any CPU
		{4FB0F7DB-6D1E-42C1-9D97-E31CB6994351}.Debug|Any CPU.Build.0 = Debug|Any CPU
		{4FB0F7DB-6D1E-42C1-9D97-E31CB6994351}.Release|Any CPU.ActiveCfg = Release|Any CPU
		{4FB0F7DB-6D1E-42C1-9D97-E31CB6994351}.Release|Any CPU.Build.0 = Release|Any CPU
		{47005406-1098-4308-9449-BAAB1766895A}.Debug|Any CPU.ActiveCfg = Debug|Any CPU
		{47005406-1098-4308-9449-BAAB1766895A}.Debug|Any CPU.Build.0 = Debug|Any CPU
		{47005406-1098-4308-9449-BAAB1766895A}.Release|Any CPU.ActiveCfg = Release|Any CPU
		{47005406-1098-4308-9449-BAAB1766895A}.Release|Any CPU.Build.0 = Release|Any CPU
		{543DB1F0-31B7-4232-89B0-CC101CC090CA}.Debug|Any CPU.ActiveCfg = Debug|Any CPU
		{543DB1F0-31B7-4232-89B0-CC101CC090CA}.Debug|Any CPU.Build.0 = Debug|Any CPU
		{543DB1F0-31B7-4232-89B0-CC101CC090CA}.Release|Any CPU.ActiveCfg = Release|Any CPU
		{543DB1F0-31B7-4232-89B0-CC101CC090CA}.Release|Any CPU.Build.0 = Release|Any CPU
		{5172C81D-5F74-4FE8-9CCD-1EC4B47D08DA}.Debug|Any CPU.ActiveCfg = Debug|Any CPU
		{5172C81D-5F74-4FE8-9CCD-1EC4B47D08DA}.Debug|Any CPU.Build.0 = Debug|Any CPU
		{5172C81D-5F74-4FE8-9CCD-1EC4B47D08DA}.Release|Any CPU.ActiveCfg = Release|Any CPU
		{5172C81D-5F74-4FE8-9CCD-1EC4B47D08DA}.Release|Any CPU.Build.0 = Release|Any CPU
		{A00CB38E-11E0-4E9D-951D-4257BAA4A18F}.Debug|Any CPU.ActiveCfg = Debug|Any CPU
		{A00CB38E-11E0-4E9D-951D-4257BAA4A18F}.Debug|Any CPU.Build.0 = Debug|Any CPU
		{A00CB38E-11E0-4E9D-951D-4257BAA4A18F}.Release|Any CPU.ActiveCfg = Release|Any CPU
		{A00CB38E-11E0-4E9D-951D-4257BAA4A18F}.Release|Any CPU.Build.0 = Release|Any CPU
		{E2DC11F0-95B6-4B14-AF66-DF2D553897FA}.Debug|Any CPU.ActiveCfg = Debug|Any CPU
		{E2DC11F0-95B6-4B14-AF66-DF2D553897FA}.Debug|Any CPU.Build.0 = Debug|Any CPU
		{E2DC11F0-95B6-4B14-AF66-DF2D553897FA}.Release|Any CPU.ActiveCfg = Release|Any CPU
		{E2DC11F0-95B6-4B14-AF66-DF2D553897FA}.Release|Any CPU.Build.0 = Release|Any CPU
		{10E30BAD-7ABD-48E8-B132-3D0777C3BF62}.Debug|Any CPU.ActiveCfg = Debug|Any CPU
		{10E30BAD-7ABD-48E8-B132-3D0777C3BF62}.Debug|Any CPU.Build.0 = Debug|Any CPU
		{10E30BAD-7ABD-48E8-B132-3D0777C3BF62}.Release|Any CPU.ActiveCfg = Release|Any CPU
		{10E30BAD-7ABD-48E8-B132-3D0777C3BF62}.Release|Any CPU.Build.0 = Release|Any CPU
		{0F11556E-9EC8-4E9B-AD2A-6F7089B5D4D3}.Debug|Any CPU.ActiveCfg = Debug|Any CPU
		{0F11556E-9EC8-4E9B-AD2A-6F7089B5D4D3}.Debug|Any CPU.Build.0 = Debug|Any CPU
		{0F11556E-9EC8-4E9B-AD2A-6F7089B5D4D3}.Release|Any CPU.ActiveCfg = Release|Any CPU
		{0F11556E-9EC8-4E9B-AD2A-6F7089B5D4D3}.Release|Any CPU.Build.0 = Release|Any CPU
		{54BB6D25-FB2D-44A5-BDB6-4321E2235AB5}.Debug|Any CPU.ActiveCfg = Debug|Any CPU
		{54BB6D25-FB2D-44A5-BDB6-4321E2235AB5}.Debug|Any CPU.Build.0 = Debug|Any CPU
		{54BB6D25-FB2D-44A5-BDB6-4321E2235AB5}.Release|Any CPU.ActiveCfg = Release|Any CPU
		{54BB6D25-FB2D-44A5-BDB6-4321E2235AB5}.Release|Any CPU.Build.0 = Release|Any CPU
		{7D62F7E7-3650-499A-A73F-D22A99794A80}.Debug|Any CPU.ActiveCfg = Debug|Any CPU
		{7D62F7E7-3650-499A-A73F-D22A99794A80}.Debug|Any CPU.Build.0 = Debug|Any CPU
		{7D62F7E7-3650-499A-A73F-D22A99794A80}.Release|Any CPU.ActiveCfg = Release|Any CPU
		{7D62F7E7-3650-499A-A73F-D22A99794A80}.Release|Any CPU.Build.0 = Release|Any CPU
		{C6FF2D65-90C7-4F58-BE6F-FF050ABD7C8A}.Debug|Any CPU.ActiveCfg = Debug|Any CPU
		{C6FF2D65-90C7-4F58-BE6F-FF050ABD7C8A}.Debug|Any CPU.Build.0 = Debug|Any CPU
		{C6FF2D65-90C7-4F58-BE6F-FF050ABD7C8A}.Release|Any CPU.ActiveCfg = Release|Any CPU
		{C6FF2D65-90C7-4F58-BE6F-FF050ABD7C8A}.Release|Any CPU.Build.0 = Release|Any CPU
		{6EDCF3F1-C252-4425-9B87-EC5EB407439A}.Debug|Any CPU.ActiveCfg = Debug|Any CPU
		{6EDCF3F1-C252-4425-9B87-EC5EB407439A}.Debug|Any CPU.Build.0 = Debug|Any CPU
		{6EDCF3F1-C252-4425-9B87-EC5EB407439A}.Release|Any CPU.ActiveCfg = Release|Any CPU
		{6EDCF3F1-C252-4425-9B87-EC5EB407439A}.Release|Any CPU.Build.0 = Release|Any CPU
		{EA88049A-A365-437D-A7A0-9CA9C01E049C}.Debug|Any CPU.ActiveCfg = Debug|Any CPU
		{EA88049A-A365-437D-A7A0-9CA9C01E049C}.Debug|Any CPU.Build.0 = Debug|Any CPU
		{EA88049A-A365-437D-A7A0-9CA9C01E049C}.Release|Any CPU.ActiveCfg = Release|Any CPU
		{EA88049A-A365-437D-A7A0-9CA9C01E049C}.Release|Any CPU.Build.0 = Release|Any CPU
	EndGlobalSection
	GlobalSection(NestedProjects) = preSolution
		{01685E8D-C5D2-4DDC-98C1-C9048EDAB96B} = {9408A487-6352-46F5-8428-165D97CBE4B3}
		{5D1F5892-2D40-4C68-A18B-EF3DCC4E8592} = {01685E8D-C5D2-4DDC-98C1-C9048EDAB96B}
		{0F260AC2-6771-4BC7-86CC-B7327E4D8307} = {5D1F5892-2D40-4C68-A18B-EF3DCC4E8592}
		{152416E8-E268-470A-B85A-3B76DA31D5B3} = {5D1F5892-2D40-4C68-A18B-EF3DCC4E8592}
		{27F19365-AB6A-4066-BB48-6654985C163B} = {5D1F5892-2D40-4C68-A18B-EF3DCC4E8592}
		{7FE76D40-A2B4-4EB8-9199-A70AB2490A9F} = {5D1F5892-2D40-4C68-A18B-EF3DCC4E8592}
		{430D48A0-7264-4F6D-82A2-BC92E1D2E9F0} = {01685E8D-C5D2-4DDC-98C1-C9048EDAB96B}
		{4FB0F7DB-6D1E-42C1-9D97-E31CB6994351} = {430D48A0-7264-4F6D-82A2-BC92E1D2E9F0}
		{47005406-1098-4308-9449-BAAB1766895A} = {430D48A0-7264-4F6D-82A2-BC92E1D2E9F0}
		{543DB1F0-31B7-4232-89B0-CC101CC090CA} = {430D48A0-7264-4F6D-82A2-BC92E1D2E9F0}
		{5172C81D-5F74-4FE8-9CCD-1EC4B47D08DA} = {430D48A0-7264-4F6D-82A2-BC92E1D2E9F0}
		{BE6E1710-A5F7-426C-8931-7C942BEE5DD5} = {01685E8D-C5D2-4DDC-98C1-C9048EDAB96B}
		{A00CB38E-11E0-4E9D-951D-4257BAA4A18F} = {BE6E1710-A5F7-426C-8931-7C942BEE5DD5}
		{E2DC11F0-95B6-4B14-AF66-DF2D553897FA} = {BE6E1710-A5F7-426C-8931-7C942BEE5DD5}
		{10E30BAD-7ABD-48E8-B132-3D0777C3BF62} = {BE6E1710-A5F7-426C-8931-7C942BEE5DD5}
		{0F11556E-9EC8-4E9B-AD2A-6F7089B5D4D3} = {BE6E1710-A5F7-426C-8931-7C942BEE5DD5}
		{31A6DBC7-90EC-42E3-B358-A3557C3BDE53} = {9408A487-6352-46F5-8428-165D97CBE4B3}
		{54BB6D25-FB2D-44A5-BDB6-4321E2235AB5} = {31A6DBC7-90EC-42E3-B358-A3557C3BDE53}
		{7D62F7E7-3650-499A-A73F-D22A99794A80} = {31A6DBC7-90EC-42E3-B358-A3557C3BDE53}
		{C6FF2D65-90C7-4F58-BE6F-FF050ABD7C8A} = {82900939-0DD8-40DC-AAF3-8AE4BF13D71E}
		{6EDCF3F1-C252-4425-9B87-EC5EB407439A} = {82900939-0DD8-40DC-AAF3-8AE4BF13D71E}
		{EA88049A-A365-437D-A7A0-9CA9C01E049C} = {82900939-0DD8-40DC-AAF3-8AE4BF13D71E}
	EndGlobalSection
EndGlobal
